
Microsoft Visual Studio Solution File, Format Version 12.00
# Visual Studio Version 16
VisualStudioVersion = 16.0.31605.320
MinimumVisualStudioVersion = 10.0.40219.1
Project("{FAE04EC0-301F-11D3-BF4B-00C04F79EFBC}") = "CountDown", "CountDown\CountDown.csproj", "{904A9079-4A8B-459C-B974-0FF3E353096B}"
EndProject
Global
	GlobalSection(SolutionConfigurationPlatforms) = preSolution
		Debug|Any CPU = Debug|Any CPU
		Release|Any CPU = Release|Any CPU
	EndGlobalSection
	GlobalSection(ProjectConfigurationPlatforms) = postSolution
		{904A9079-4A8B-459C-B974-0FF3E353096B}.Debug|Any CPU.ActiveCfg = Debug|Any CPU
		{904A9079-4A8B-459C-B974-0FF3E353096B}.Debug|Any CPU.Build.0 = Debug|Any CPU
		{904A9079-4A8B-459C-B974-0FF3E353096B}.Release|Any CPU.ActiveCfg = Release|Any CPU
		{904A9079-4A8B-459C-B974-0FF3E353096B}.Release|Any CPU.Build.0 = Release|Any CPU
	EndGlobalSection
	GlobalSection(SolutionProperties) = preSolution
		HideSolutionNode = FALSE
	EndGlobalSection
	GlobalSection(ExtensibilityGlobals) = postSolution
		SolutionGuid = {95F75DC2-BF3B-4E1D-BAF7-32A54985A799}
	EndGlobalSection
EndGlobal
